
Microsoft Visual Studio Solution File, Format Version 12.00
# Visual Studio Version 17
VisualStudioVersion = 17.4.33205.214
MinimumVisualStudioVersion = 10.0.40219.1
Project("{FAE04EC0-301F-11D3-BF4B-00C04F79EFBC}") = "task06(2)", "task06(2)\task06(2).csproj", "{126C8CF4-08A3-449B-995A-5C8384FD4018}"
EndProject
Global
	GlobalSection(SolutionConfigurationPlatforms) = preSolution
		Debug|Any CPU = Debug|Any CPU
		Release|Any CPU = Release|Any CPU
	EndGlobalSection
	GlobalSection(ProjectConfigurationPlatforms) = postSolution
		{126C8CF4-08A3-449B-995A-5C8384FD4018}.Debug|Any CPU.ActiveCfg = Debug|Any CPU
		{126C8CF4-08A3-449B-995A-5C8384FD4018}.Debug|Any CPU.Build.0 = Debug|Any CPU
		{126C8CF4-08A3-449B-995A-5C8384FD4018}.Release|Any CPU.ActiveCfg = Release|Any CPU
		{126C8CF4-08A3-449B-995A-5C8384FD4018}.Release|Any CPU.Build.0 = Release|Any CPU
	EndGlobalSection
	GlobalSection(SolutionProperties) = preSolution
		HideSolutionNode = FALSE
	EndGlobalSection
	GlobalSection(ExtensibilityGlobals) = postSolution
		SolutionGuid = {EDEEB5A1-1902-4D7E-A45D-E8BFB35768EF}
	EndGlobalSection
EndGlobal
