
Microsoft Visual Studio Solution File, Format Version 12.00
# Visual Studio Version 17
VisualStudioVersion = 17.4.33205.214
MinimumVisualStudioVersion = 10.0.40219.1
Project("{FAE04EC0-301F-11D3-BF4B-00C04F79EFBC}") = "Drugstore", "medicineLibrary\Drugstore.csproj", "{CB9A544E-BF8F-4AC0-8CE5-5E839CFA2556}"
EndProject
Project("{FAE04EC0-301F-11D3-BF4B-00C04F79EFBC}") = "testDrugstore", "testDrugstore\testDrugstore.csproj", "{3E2A22CB-3D08-4DE2-974D-07A457D23EEC}"
EndProject
Global
	GlobalSection(SolutionConfigurationPlatforms) = preSolution
		Debug|Any CPU = Debug|Any CPU
		Release|Any CPU = Release|Any CPU
	EndGlobalSection
	GlobalSection(ProjectConfigurationPlatforms) = postSolution
		{CB9A544E-BF8F-4AC0-8CE5-5E839CFA2556}.Debug|Any CPU.ActiveCfg = Debug|Any CPU
		{CB9A544E-BF8F-4AC0-8CE5-5E839CFA2556}.Debug|Any CPU.Build.0 = Debug|Any CPU
		{CB9A544E-BF8F-4AC0-8CE5-5E839CFA2556}.Release|Any CPU.ActiveCfg = Release|Any CPU
		{CB9A544E-BF8F-4AC0-8CE5-5E839CFA2556}.Release|Any CPU.Build.0 = Release|Any CPU
		{3E2A22CB-3D08-4DE2-974D-07A457D23EEC}.Debug|Any CPU.ActiveCfg = Debug|Any CPU
		{3E2A22CB-3D08-4DE2-974D-07A457D23EEC}.Debug|Any CPU.Build.0 = Debug|Any CPU
		{3E2A22CB-3D08-4DE2-974D-07A457D23EEC}.Release|Any CPU.ActiveCfg = Release|Any CPU
		{3E2A22CB-3D08-4DE2-974D-07A457D23EEC}.Release|Any CPU.Build.0 = Release|Any CPU
	EndGlobalSection
	GlobalSection(SolutionProperties) = preSolution
		HideSolutionNode = FALSE
	EndGlobalSection
	GlobalSection(ExtensibilityGlobals) = postSolution
		SolutionGuid = {4C5002DE-E494-4B3D-BD26-F6722EC0E29E}
	EndGlobalSection
EndGlobal
