
Microsoft Visual Studio Solution File, Format Version 12.00
# Visual Studio Version 17
VisualStudioVersion = 17.4.33205.214
MinimumVisualStudioVersion = 10.0.40219.1
Project("{FAE04EC0-301F-11D3-BF4B-00C04F79EFBC}") = "euclid geo", "euclid geo\euclid geo.csproj", "{0B27DDB8-54A2-49D4-A6E4-464CB74A88E2}"
EndProject
Project("{FAE04EC0-301F-11D3-BF4B-00C04F79EFBC}") = "EuclidLibrary.UnitTests", "EuclidLibrary.UnitTests\EuclidLibrary.UnitTests.csproj", "{B060F93B-4A71-44BE-A818-47C5A838770E}"
EndProject
Global
	GlobalSection(SolutionConfigurationPlatforms) = preSolution
		Debug|Any CPU = Debug|Any CPU
		Release|Any CPU = Release|Any CPU
	EndGlobalSection
	GlobalSection(ProjectConfigurationPlatforms) = postSolution
		{0B27DDB8-54A2-49D4-A6E4-464CB74A88E2}.Debug|Any CPU.ActiveCfg = Debug|Any CPU
		{0B27DDB8-54A2-49D4-A6E4-464CB74A88E2}.Debug|Any CPU.Build.0 = Debug|Any CPU
		{0B27DDB8-54A2-49D4-A6E4-464CB74A88E2}.Release|Any CPU.ActiveCfg = Release|Any CPU
		{0B27DDB8-54A2-49D4-A6E4-464CB74A88E2}.Release|Any CPU.Build.0 = Release|Any CPU
		{B060F93B-4A71-44BE-A818-47C5A838770E}.Debug|Any CPU.ActiveCfg = Debug|Any CPU
		{B060F93B-4A71-44BE-A818-47C5A838770E}.Debug|Any CPU.Build.0 = Debug|Any CPU
		{B060F93B-4A71-44BE-A818-47C5A838770E}.Release|Any CPU.ActiveCfg = Release|Any CPU
		{B060F93B-4A71-44BE-A818-47C5A838770E}.Release|Any CPU.Build.0 = Release|Any CPU
	EndGlobalSection
	GlobalSection(SolutionProperties) = preSolution
		HideSolutionNode = FALSE
	EndGlobalSection
	GlobalSection(ExtensibilityGlobals) = postSolution
		SolutionGuid = {4F83C500-6215-4281-B745-2147CFE3E63F}
	EndGlobalSection
EndGlobal
